// !$*UTF8*$!
{
	archiveVersion = 1;
	classes = {
	};
	objectVersion = 50;
	objects = {

/* Begin PBXBuildFile section */
		5512EEE326B02EFB00EFD162 /* UIViewExtensions.swift in Sources */ = {isa = PBXBuildFile; fileRef = 5512EEE226B02EFB00EFD162 /* UIViewExtensions.swift */; };
		5512EEE526B0722600EFD162 /* NameDescribable.swift in Sources */ = {isa = PBXBuildFile; fileRef = 5512EEE426B0722600EFD162 /* NameDescribable.swift */; };
		555665702695EE48003BF335 /* AppDelegate.swift in Sources */ = {isa = PBXBuildFile; fileRef = 5556656F2695EE48003BF335 /* AppDelegate.swift */; };
		555665722695EE48003BF335 /* SceneDelegate.swift in Sources */ = {isa = PBXBuildFile; fileRef = 555665712695EE48003BF335 /* SceneDelegate.swift */; };
		555665772695EE48003BF335 /* Main.storyboard in Resources */ = {isa = PBXBuildFile; fileRef = 555665752695EE48003BF335 /* Main.storyboard */; };
		555665792695EE4B003BF335 /* Assets.xcassets in Resources */ = {isa = PBXBuildFile; fileRef = 555665782695EE4B003BF335 /* Assets.xcassets */; };
		5556657C2695EE4B003BF335 /* LaunchScreen.storyboard in Resources */ = {isa = PBXBuildFile; fileRef = 5556657A2695EE4B003BF335 /* LaunchScreen.storyboard */; };
		555665872695EE4B003BF335 /* Movie_Sample_AlperTests.swift in Sources */ = {isa = PBXBuildFile; fileRef = 555665862695EE4B003BF335 /* Movie_Sample_AlperTests.swift */; };
		555665922695EE4C003BF335 /* Movie_Sample_AlperUITests.swift in Sources */ = {isa = PBXBuildFile; fileRef = 555665912695EE4C003BF335 /* Movie_Sample_AlperUITests.swift */; };
		555665A82695F396003BF335 /* MovieListInteractor.swift in Sources */ = {isa = PBXBuildFile; fileRef = 555665A72695F396003BF335 /* MovieListInteractor.swift */; };
		555665AB2695F3D9003BF335 /* MovieListPresenter.swift in Sources */ = {isa = PBXBuildFile; fileRef = 555665AA2695F3D9003BF335 /* MovieListPresenter.swift */; };
		555665AD2695F414003BF335 /* MovieListViewController.swift in Sources */ = {isa = PBXBuildFile; fileRef = 555665AC2695F414003BF335 /* MovieListViewController.swift */; };
		555665AF2695F489003BF335 /* MovieDetailViewController.swift in Sources */ = {isa = PBXBuildFile; fileRef = 555665AE2695F489003BF335 /* MovieDetailViewController.swift */; };
		555665B12695F4A0003BF335 /* MovieDetailInteractor.swift in Sources */ = {isa = PBXBuildFile; fileRef = 555665B02695F4A0003BF335 /* MovieDetailInteractor.swift */; };
		555665B32695F4B0003BF335 /* MovieDetailPresenter.swift in Sources */ = {isa = PBXBuildFile; fileRef = 555665B22695F4B0003BF335 /* MovieDetailPresenter.swift */; };
		555665B62695FDDE003BF335 /* NetworkConstants.swift in Sources */ = {isa = PBXBuildFile; fileRef = 555665B52695FDDE003BF335 /* NetworkConstants.swift */; };
		555665BA2696019C003BF335 /* MovieListCollectionViewCell.swift in Sources */ = {isa = PBXBuildFile; fileRef = 555665B82696019C003BF335 /* MovieListCollectionViewCell.swift */; };
		555665BB2696019C003BF335 /* MovieListCollectionViewCell.xib in Resources */ = {isa = PBXBuildFile; fileRef = 555665B92696019C003BF335 /* MovieListCollectionViewCell.xib */; };
		555665BE26960909003BF335 /* MovieListModel.swift in Sources */ = {isa = PBXBuildFile; fileRef = 555665BD26960909003BF335 /* MovieListModel.swift */; };
		555665C126961FFD003BF335 /* BaseViewController.swift in Sources */ = {isa = PBXBuildFile; fileRef = 555665C026961FFD003BF335 /* BaseViewController.swift */; };
		555665C5269707A4003BF335 /* LoadMoreCollectionReusableView.swift in Sources */ = {isa = PBXBuildFile; fileRef = 555665C3269707A4003BF335 /* LoadMoreCollectionReusableView.swift */; };
		555665C6269707A4003BF335 /* LoadMoreCollectionReusableView.xib in Resources */ = {isa = PBXBuildFile; fileRef = 555665C4269707A4003BF335 /* LoadMoreCollectionReusableView.xib */; };
		555F4982269AF57000130241 /* ImageViewExtensions.swift in Sources */ = {isa = PBXBuildFile; fileRef = 555F4981269AF57000130241 /* ImageViewExtensions.swift */; };
		555F4984269AF58900130241 /* CollectionViewCellExtensions.swift in Sources */ = {isa = PBXBuildFile; fileRef = 555F4983269AF58800130241 /* CollectionViewCellExtensions.swift */; };
		556E552326AF3AD200464FE0 /* MovieListBaseModel.swift in Sources */ = {isa = PBXBuildFile; fileRef = 556E552226AF3AD200464FE0 /* MovieListBaseModel.swift */; };
		556E552526AF3C0000464FE0 /* MovieDetailModel.swift in Sources */ = {isa = PBXBuildFile; fileRef = 556E552426AF3C0000464FE0 /* MovieDetailModel.swift */; };
		556E552726AF525300464FE0 /* MovieAppGlobalConstants.swift in Sources */ = {isa = PBXBuildFile; fileRef = 556E552626AF525300464FE0 /* MovieAppGlobalConstants.swift */; };
/* End PBXBuildFile section */

/* Begin PBXContainerItemProxy section */
		555665832695EE4B003BF335 /* PBXContainerItemProxy */ = {
			isa = PBXContainerItemProxy;
			containerPortal = 555665642695EE48003BF335 /* Project object */;
			proxyType = 1;
			remoteGlobalIDString = 5556656B2695EE48003BF335;
			remoteInfo = "Movie-Sample-Alper";
		};
		5556658E2695EE4B003BF335 /* PBXContainerItemProxy */ = {
			isa = PBXContainerItemProxy;
			containerPortal = 555665642695EE48003BF335 /* Project object */;
			proxyType = 1;
			remoteGlobalIDString = 5556656B2695EE48003BF335;
			remoteInfo = "Movie-Sample-Alper";
		};
/* End PBXContainerItemProxy section */

/* Begin PBXFileReference section */
		5512EEE226B02EFB00EFD162 /* UIViewExtensions.swift */ = {isa = PBXFileReference; lastKnownFileType = sourcecode.swift; path = UIViewExtensions.swift; sourceTree = "<group>"; };
		5512EEE426B0722600EFD162 /* NameDescribable.swift */ = {isa = PBXFileReference; lastKnownFileType = sourcecode.swift; path = NameDescribable.swift; sourceTree = "<group>"; };
		5556656C2695EE48003BF335 /* Movie-Sample-Alper.app */ = {isa = PBXFileReference; explicitFileType = wrapper.application; includeInIndex = 0; path = "Movie-Sample-Alper.app"; sourceTree = BUILT_PRODUCTS_DIR; };
		5556656F2695EE48003BF335 /* AppDelegate.swift */ = {isa = PBXFileReference; lastKnownFileType = sourcecode.swift; path = AppDelegate.swift; sourceTree = "<group>"; };
		555665712695EE48003BF335 /* SceneDelegate.swift */ = {isa = PBXFileReference; lastKnownFileType = sourcecode.swift; path = SceneDelegate.swift; sourceTree = "<group>"; };
		555665762695EE48003BF335 /* Base */ = {isa = PBXFileReference; lastKnownFileType = file.storyboard; name = Base; path = Base.lproj/Main.storyboard; sourceTree = "<group>"; };
		555665782695EE4B003BF335 /* Assets.xcassets */ = {isa = PBXFileReference; lastKnownFileType = folder.assetcatalog; path = Assets.xcassets; sourceTree = "<group>"; };
		5556657B2695EE4B003BF335 /* Base */ = {isa = PBXFileReference; lastKnownFileType = file.storyboard; name = Base; path = Base.lproj/LaunchScreen.storyboard; sourceTree = "<group>"; };
		5556657D2695EE4B003BF335 /* Info.plist */ = {isa = PBXFileReference; lastKnownFileType = text.plist.xml; path = Info.plist; sourceTree = "<group>"; };
		555665822695EE4B003BF335 /* Movie-Sample-AlperTests.xctest */ = {isa = PBXFileReference; explicitFileType = wrapper.cfbundle; includeInIndex = 0; path = "Movie-Sample-AlperTests.xctest"; sourceTree = BUILT_PRODUCTS_DIR; };
		555665862695EE4B003BF335 /* Movie_Sample_AlperTests.swift */ = {isa = PBXFileReference; lastKnownFileType = sourcecode.swift; path = Movie_Sample_AlperTests.swift; sourceTree = "<group>"; };
		555665882695EE4B003BF335 /* Info.plist */ = {isa = PBXFileReference; lastKnownFileType = text.plist.xml; path = Info.plist; sourceTree = "<group>"; };
		5556658D2695EE4B003BF335 /* Movie-Sample-AlperUITests.xctest */ = {isa = PBXFileReference; explicitFileType = wrapper.cfbundle; includeInIndex = 0; path = "Movie-Sample-AlperUITests.xctest"; sourceTree = BUILT_PRODUCTS_DIR; };
		555665912695EE4C003BF335 /* Movie_Sample_AlperUITests.swift */ = {isa = PBXFileReference; lastKnownFileType = sourcecode.swift; path = Movie_Sample_AlperUITests.swift; sourceTree = "<group>"; };
		555665932695EE4C003BF335 /* Info.plist */ = {isa = PBXFileReference; lastKnownFileType = text.plist.xml; path = Info.plist; sourceTree = "<group>"; };
		555665A72695F396003BF335 /* MovieListInteractor.swift */ = {isa = PBXFileReference; lastKnownFileType = sourcecode.swift; path = MovieListInteractor.swift; sourceTree = "<group>"; };
		555665AA2695F3D9003BF335 /* MovieListPresenter.swift */ = {isa = PBXFileReference; lastKnownFileType = sourcecode.swift; path = MovieListPresenter.swift; sourceTree = "<group>"; };
		555665AC2695F414003BF335 /* MovieListViewController.swift */ = {isa = PBXFileReference; lastKnownFileType = sourcecode.swift; path = MovieListViewController.swift; sourceTree = "<group>"; };
		555665AE2695F489003BF335 /* MovieDetailViewController.swift */ = {isa = PBXFileReference; lastKnownFileType = sourcecode.swift; path = MovieDetailViewController.swift; sourceTree = "<group>"; };
		555665B02695F4A0003BF335 /* MovieDetailInteractor.swift */ = {isa = PBXFileReference; lastKnownFileType = sourcecode.swift; path = MovieDetailInteractor.swift; sourceTree = "<group>"; };
		555665B22695F4B0003BF335 /* MovieDetailPresenter.swift */ = {isa = PBXFileReference; lastKnownFileType = sourcecode.swift; path = MovieDetailPresenter.swift; sourceTree = "<group>"; };
		555665B52695FDDE003BF335 /* NetworkConstants.swift */ = {isa = PBXFileReference; lastKnownFileType = sourcecode.swift; path = NetworkConstants.swift; sourceTree = "<group>"; };
		555665B82696019C003BF335 /* MovieListCollectionViewCell.swift */ = {isa = PBXFileReference; lastKnownFileType = sourcecode.swift; path = MovieListCollectionViewCell.swift; sourceTree = "<group>"; };
		555665B92696019C003BF335 /* MovieListCollectionViewCell.xib */ = {isa = PBXFileReference; lastKnownFileType = file.xib; path = MovieListCollectionViewCell.xib; sourceTree = "<group>"; };
		555665BD26960909003BF335 /* MovieListModel.swift */ = {isa = PBXFileReference; lastKnownFileType = sourcecode.swift; path = MovieListModel.swift; sourceTree = "<group>"; };
		555665C026961FFD003BF335 /* BaseViewController.swift */ = {isa = PBXFileReference; lastKnownFileType = sourcecode.swift; path = BaseViewController.swift; sourceTree = "<group>"; };
		555665C3269707A4003BF335 /* LoadMoreCollectionReusableView.swift */ = {isa = PBXFileReference; lastKnownFileType = sourcecode.swift; path = LoadMoreCollectionReusableView.swift; sourceTree = "<group>"; };
		555665C4269707A4003BF335 /* LoadMoreCollectionReusableView.xib */ = {isa = PBXFileReference; lastKnownFileType = file.xib; path = LoadMoreCollectionReusableView.xib; sourceTree = "<group>"; };
		555F4981269AF57000130241 /* ImageViewExtensions.swift */ = {isa = PBXFileReference; lastKnownFileType = sourcecode.swift; path = ImageViewExtensions.swift; sourceTree = "<group>"; };
		555F4983269AF58800130241 /* CollectionViewCellExtensions.swift */ = {isa = PBXFileReference; lastKnownFileType = sourcecode.swift; path = CollectionViewCellExtensions.swift; sourceTree = "<group>"; };
		556E552226AF3AD200464FE0 /* MovieListBaseModel.swift */ = {isa = PBXFileReference; lastKnownFileType = sourcecode.swift; path = MovieListBaseModel.swift; sourceTree = "<group>"; };
		556E552426AF3C0000464FE0 /* MovieDetailModel.swift */ = {isa = PBXFileReference; lastKnownFileType = sourcecode.swift; path = MovieDetailModel.swift; sourceTree = "<group>"; };
		556E552626AF525300464FE0 /* MovieAppGlobalConstants.swift */ = {isa = PBXFileReference; lastKnownFileType = sourcecode.swift; path = MovieAppGlobalConstants.swift; sourceTree = "<group>"; };
/* End PBXFileReference section */

/* Begin PBXFrameworksBuildPhase section */
		555665692695EE48003BF335 /* Frameworks */ = {
			isa = PBXFrameworksBuildPhase;
			buildActionMask = 2147483647;
			files = (
			);
			runOnlyForDeploymentPostprocessing = 0;
		};
		5556657F2695EE4B003BF335 /* Frameworks */ = {
			isa = PBXFrameworksBuildPhase;
			buildActionMask = 2147483647;
			files = (
			);
			runOnlyForDeploymentPostprocessing = 0;
		};
		5556658A2695EE4B003BF335 /* Frameworks */ = {
			isa = PBXFrameworksBuildPhase;
			buildActionMask = 2147483647;
			files = (
			);
			runOnlyForDeploymentPostprocessing = 0;
		};
/* End PBXFrameworksBuildPhase section */

/* Begin PBXGroup section */
		555665632695EE48003BF335 = {
			isa = PBXGroup;
			children = (
				5556656E2695EE48003BF335 /* Movie-Sample-Alper */,
				555665852695EE4B003BF335 /* Movie-Sample-AlperTests */,
				555665902695EE4B003BF335 /* Movie-Sample-AlperUITests */,
				5556656D2695EE48003BF335 /* Products */,
			);
			sourceTree = "<group>";
		};
		5556656D2695EE48003BF335 /* Products */ = {
			isa = PBXGroup;
			children = (
				5556656C2695EE48003BF335 /* Movie-Sample-Alper.app */,
				555665822695EE4B003BF335 /* Movie-Sample-AlperTests.xctest */,
				5556658D2695EE4B003BF335 /* Movie-Sample-AlperUITests.xctest */,
			);
			name = Products;
			sourceTree = "<group>";
		};
		5556656E2695EE48003BF335 /* Movie-Sample-Alper */ = {
			isa = PBXGroup;
			children = (
				555665BF26961FE7003BF335 /* Base */,
				555F497F269AF53000130241 /* Extensions */,
				5556657D2695EE4B003BF335 /* Info.plist */,
				555665B42695FDCB003BF335 /* Shared */,
				555665A42695F2C1003BF335 /* Supporting Files */,
				555665A32695F29D003BF335 /* StoryBoards */,
				555665A22695F27B003BF335 /* Features */,
				555665A12695F263003BF335 /* Application */,
			);
			path = "Movie-Sample-Alper";
			sourceTree = "<group>";
		};
		555665852695EE4B003BF335 /* Movie-Sample-AlperTests */ = {
			isa = PBXGroup;
			children = (
				555665862695EE4B003BF335 /* Movie_Sample_AlperTests.swift */,
				555665882695EE4B003BF335 /* Info.plist */,
			);
			path = "Movie-Sample-AlperTests";
			sourceTree = "<group>";
		};
		555665902695EE4B003BF335 /* Movie-Sample-AlperUITests */ = {
			isa = PBXGroup;
			children = (
				555665912695EE4C003BF335 /* Movie_Sample_AlperUITests.swift */,
				555665932695EE4C003BF335 /* Info.plist */,
			);
			path = "Movie-Sample-AlperUITests";
			sourceTree = "<group>";
		};
		5556659F2695F1F4003BF335 /* MovieList */ = {
			isa = PBXGroup;
			children = (
				555665C22697077C003BF335 /* CollectionFooterView */,
				555665BC269608BD003BF335 /* Data */,
				555665B726960166003BF335 /* CollectionCell */,
				555665A72695F396003BF335 /* MovieListInteractor.swift */,
				555665AA2695F3D9003BF335 /* MovieListPresenter.swift */,
				555665AC2695F414003BF335 /* MovieListViewController.swift */,
			);
			path = MovieList;
			sourceTree = "<group>";
		};
		555665A02695F212003BF335 /* MovieDetail */ = {
			isa = PBXGroup;
			children = (
				555665AE2695F489003BF335 /* MovieDetailViewController.swift */,
				555665B02695F4A0003BF335 /* MovieDetailInteractor.swift */,
				555665B22695F4B0003BF335 /* MovieDetailPresenter.swift */,
			);
			path = MovieDetail;
			sourceTree = "<group>";
		};
		555665A12695F263003BF335 /* Application */ = {
			isa = PBXGroup;
			children = (
				555665712695EE48003BF335 /* SceneDelegate.swift */,
				5556656F2695EE48003BF335 /* AppDelegate.swift */,
			);
			path = Application;
			sourceTree = "<group>";
		};
		555665A22695F27B003BF335 /* Features */ = {
			isa = PBXGroup;
			children = (
				555665A02695F212003BF335 /* MovieDetail */,
				5556659F2695F1F4003BF335 /* MovieList */,
			);
			path = Features;
			sourceTree = "<group>";
		};
		555665A32695F29D003BF335 /* StoryBoards */ = {
			isa = PBXGroup;
			children = (
				5556657A2695EE4B003BF335 /* LaunchScreen.storyboard */,
				555665752695EE48003BF335 /* Main.storyboard */,
			);
			path = StoryBoards;
			sourceTree = "<group>";
		};
		555665A42695F2C1003BF335 /* Supporting Files */ = {
			isa = PBXGroup;
			children = (
				555665782695EE4B003BF335 /* Assets.xcassets */,
			);
			path = "Supporting Files";
			sourceTree = "<group>";
		};
		555665B42695FDCB003BF335 /* Shared */ = {
			isa = PBXGroup;
			children = (
				555665B52695FDDE003BF335 /* NetworkConstants.swift */,
				556E552626AF525300464FE0 /* MovieAppGlobalConstants.swift */,
			);
			path = Shared;
			sourceTree = "<group>";
		};
		555665B726960166003BF335 /* CollectionCell */ = {
			isa = PBXGroup;
			children = (
				555665B82696019C003BF335 /* MovieListCollectionViewCell.swift */,
				555665B92696019C003BF335 /* MovieListCollectionViewCell.xib */,
			);
			path = CollectionCell;
			sourceTree = "<group>";
		};
		555665BC269608BD003BF335 /* Data */ = {
			isa = PBXGroup;
			children = (
				555665BD26960909003BF335 /* MovieListModel.swift */,
				556E552226AF3AD200464FE0 /* MovieListBaseModel.swift */,
				556E552426AF3C0000464FE0 /* MovieDetailModel.swift */,
			);
			path = Data;
			sourceTree = "<group>";
		};
		555665BF26961FE7003BF335 /* Base */ = {
			isa = PBXGroup;
			children = (
				555665C026961FFD003BF335 /* BaseViewController.swift */,
			);
			path = Base;
			sourceTree = "<group>";
		};
		555665C22697077C003BF335 /* CollectionFooterView */ = {
			isa = PBXGroup;
			children = (
				555665C3269707A4003BF335 /* LoadMoreCollectionReusableView.swift */,
				555665C4269707A4003BF335 /* LoadMoreCollectionReusableView.xib */,
			);
			path = CollectionFooterView;
			sourceTree = "<group>";
		};
		555F497F269AF53000130241 /* Extensions */ = {
			isa = PBXGroup;
			children = (
				555F4981269AF57000130241 /* ImageViewExtensions.swift */,
				555F4983269AF58800130241 /* CollectionViewCellExtensions.swift */,
				5512EEE226B02EFB00EFD162 /* UIViewExtensions.swift */,
				5512EEE426B0722600EFD162 /* NameDescribable.swift */,
			);
			path = Extensions;
			sourceTree = "<group>";
		};
/* End PBXGroup section */

/* Begin PBXNativeTarget section */
		5556656B2695EE48003BF335 /* Movie-Sample-Alper */ = {
			isa = PBXNativeTarget;
			buildConfigurationList = 555665962695EE4C003BF335 /* Build configuration list for PBXNativeTarget "Movie-Sample-Alper" */;
			buildPhases = (
				555665682695EE48003BF335 /* Sources */,
				555665692695EE48003BF335 /* Frameworks */,
				5556656A2695EE48003BF335 /* Resources */,
			);
			buildRules = (
			);
			dependencies = (
			);
			name = "Movie-Sample-Alper";
			productName = "Movie-Sample-Alper";
			productReference = 5556656C2695EE48003BF335 /* Movie-Sample-Alper.app */;
			productType = "com.apple.product-type.application";
		};
		555665812695EE4B003BF335 /* Movie-Sample-AlperTests */ = {
			isa = PBXNativeTarget;
			buildConfigurationList = 555665992695EE4C003BF335 /* Build configuration list for PBXNativeTarget "Movie-Sample-AlperTests" */;
			buildPhases = (
				5556657E2695EE4B003BF335 /* Sources */,
				5556657F2695EE4B003BF335 /* Frameworks */,
				555665802695EE4B003BF335 /* Resources */,
			);
			buildRules = (
			);
			dependencies = (
				555665842695EE4B003BF335 /* PBXTargetDependency */,
			);
			name = "Movie-Sample-AlperTests";
			productName = "Movie-Sample-AlperTests";
			productReference = 555665822695EE4B003BF335 /* Movie-Sample-AlperTests.xctest */;
			productType = "com.apple.product-type.bundle.unit-test";
		};
		5556658C2695EE4B003BF335 /* Movie-Sample-AlperUITests */ = {
			isa = PBXNativeTarget;
			buildConfigurationList = 5556659C2695EE4C003BF335 /* Build configuration list for PBXNativeTarget "Movie-Sample-AlperUITests" */;
			buildPhases = (
				555665892695EE4B003BF335 /* Sources */,
				5556658A2695EE4B003BF335 /* Frameworks */,
				5556658B2695EE4B003BF335 /* Resources */,
			);
			buildRules = (
			);
			dependencies = (
				5556658F2695EE4B003BF335 /* PBXTargetDependency */,
			);
			name = "Movie-Sample-AlperUITests";
			productName = "Movie-Sample-AlperUITests";
			productReference = 5556658D2695EE4B003BF335 /* Movie-Sample-AlperUITests.xctest */;
			productType = "com.apple.product-type.bundle.ui-testing";
		};
/* End PBXNativeTarget section */

/* Begin PBXProject section */
		555665642695EE48003BF335 /* Project object */ = {
			isa = PBXProject;
			attributes = {
				LastSwiftUpdateCheck = 1250;
				LastUpgradeCheck = 1250;
				TargetAttributes = {
					5556656B2695EE48003BF335 = {
						CreatedOnToolsVersion = 12.5.1;
					};
					555665812695EE4B003BF335 = {
						CreatedOnToolsVersion = 12.5.1;
						TestTargetID = 5556656B2695EE48003BF335;
					};
					5556658C2695EE4B003BF335 = {
						CreatedOnToolsVersion = 12.5.1;
						TestTargetID = 5556656B2695EE48003BF335;
					};
				};
			};
			buildConfigurationList = 555665672695EE48003BF335 /* Build configuration list for PBXProject "Movie-Sample-Alper" */;
			compatibilityVersion = "Xcode 9.3";
			developmentRegion = en;
			hasScannedForEncodings = 0;
			knownRegions = (
				en,
				Base,
			);
			mainGroup = 555665632695EE48003BF335;
			productRefGroup = 5556656D2695EE48003BF335 /* Products */;
			projectDirPath = "";
			projectRoot = "";
			targets = (
				5556656B2695EE48003BF335 /* Movie-Sample-Alper */,
				555665812695EE4B003BF335 /* Movie-Sample-AlperTests */,
				5556658C2695EE4B003BF335 /* Movie-Sample-AlperUITests */,
			);
		};
/* End PBXProject section */

/* Begin PBXResourcesBuildPhase section */
		5556656A2695EE48003BF335 /* Resources */ = {
			isa = PBXResourcesBuildPhase;
			buildActionMask = 2147483647;
			files = (
				5556657C2695EE4B003BF335 /* LaunchScreen.storyboard in Resources */,
				555665C6269707A4003BF335 /* LoadMoreCollectionReusableView.xib in Resources */,
				555665792695EE4B003BF335 /* Assets.xcassets in Resources */,
				555665772695EE48003BF335 /* Main.storyboard in Resources */,
				555665BB2696019C003BF335 /* MovieListCollectionViewCell.xib in Resources */,
			);
			runOnlyForDeploymentPostprocessing = 0;
		};
		555665802695EE4B003BF335 /* Resources */ = {
			isa = PBXResourcesBuildPhase;
			buildActionMask = 2147483647;
			files = (
			);
			runOnlyForDeploymentPostprocessing = 0;
		};
		5556658B2695EE4B003BF335 /* Resources */ = {
			isa = PBXResourcesBuildPhase;
			buildActionMask = 2147483647;
			files = (
			);
			runOnlyForDeploymentPostprocessing = 0;
		};
/* End PBXResourcesBuildPhase section */

/* Begin PBXSourcesBuildPhase section */
		555665682695EE48003BF335 /* Sources */ = {
			isa = PBXSourcesBuildPhase;
			buildActionMask = 2147483647;
			files = (
				555665B62695FDDE003BF335 /* NetworkConstants.swift in Sources */,
				555665BA2696019C003BF335 /* MovieListCollectionViewCell.swift in Sources */,
				555665B32695F4B0003BF335 /* MovieDetailPresenter.swift in Sources */,
				555665702695EE48003BF335 /* AppDelegate.swift in Sources */,
				555665AD2695F414003BF335 /* MovieListViewController.swift in Sources */,
				555F4984269AF58900130241 /* CollectionViewCellExtensions.swift in Sources */,
				555665C126961FFD003BF335 /* BaseViewController.swift in Sources */,
				555F4982269AF57000130241 /* ImageViewExtensions.swift in Sources */,
				555665722695EE48003BF335 /* SceneDelegate.swift in Sources */,
				556E552726AF525300464FE0 /* MovieAppGlobalConstants.swift in Sources */,
				5512EEE326B02EFB00EFD162 /* UIViewExtensions.swift in Sources */,
				555665BE26960909003BF335 /* MovieListModel.swift in Sources */,
				555665C5269707A4003BF335 /* LoadMoreCollectionReusableView.swift in Sources */,
				556E552526AF3C0000464FE0 /* MovieDetailModel.swift in Sources */,
				556E552326AF3AD200464FE0 /* MovieListBaseModel.swift in Sources */,
				555665A82695F396003BF335 /* MovieListInteractor.swift in Sources */,
				555665B12695F4A0003BF335 /* MovieDetailInteractor.swift in Sources */,
				5512EEE526B0722600EFD162 /* NameDescribable.swift in Sources */,
				555665AF2695F489003BF335 /* MovieDetailViewController.swift in Sources */,
				555665AB2695F3D9003BF335 /* MovieListPresenter.swift in Sources */,
			);
			runOnlyForDeploymentPostprocessing = 0;
		};
		5556657E2695EE4B003BF335 /* Sources */ = {
			isa = PBXSourcesBuildPhase;
			buildActionMask = 2147483647;
			files = (
				555665872695EE4B003BF335 /* Movie_Sample_AlperTests.swift in Sources */,
			);
			runOnlyForDeploymentPostprocessing = 0;
		};
		555665892695EE4B003BF335 /* Sources */ = {
			isa = PBXSourcesBuildPhase;
			buildActionMask = 2147483647;
			files = (
				555665922695EE4C003BF335 /* Movie_Sample_AlperUITests.swift in Sources */,
			);
			runOnlyForDeploymentPostprocessing = 0;
		};
/* End PBXSourcesBuildPhase section */

/* Begin PBXTargetDependency section */
		555665842695EE4B003BF335 /* PBXTargetDependency */ = {
			isa = PBXTargetDependency;
			target = 5556656B2695EE48003BF335 /* Movie-Sample-Alper */;
			targetProxy = 555665832695EE4B003BF335 /* PBXContainerItemProxy */;
		};
		5556658F2695EE4B003BF335 /* PBXTargetDependency */ = {
			isa = PBXTargetDependency;
			target = 5556656B2695EE48003BF335 /* Movie-Sample-Alper */;
			targetProxy = 5556658E2695EE4B003BF335 /* PBXContainerItemProxy */;
		};
/* End PBXTargetDependency section */

/* Begin PBXVariantGroup section */
		555665752695EE48003BF335 /* Main.storyboard */ = {
			isa = PBXVariantGroup;
			children = (
				555665762695EE48003BF335 /* Base */,
			);
			name = Main.storyboard;
			sourceTree = "<group>";
		};
		5556657A2695EE4B003BF335 /* LaunchScreen.storyboard */ = {
			isa = PBXVariantGroup;
			children = (
				5556657B2695EE4B003BF335 /* Base */,
			);
			name = LaunchScreen.storyboard;
			sourceTree = "<group>";
		};
/* End PBXVariantGroup section */

/* Begin XCBuildConfiguration section */
		555665942695EE4C003BF335 /* Debug */ = {
			isa = XCBuildConfiguration;
			buildSettings = {
				ALWAYS_SEARCH_USER_PATHS = NO;
				CLANG_ANALYZER_NONNULL = YES;
				CLANG_ANALYZER_NUMBER_OBJECT_CONVERSION = YES_AGGRESSIVE;
				CLANG_CXX_LANGUAGE_STANDARD = "gnu++14";
				CLANG_CXX_LIBRARY = "libc++";
				CLANG_ENABLE_MODULES = YES;
				CLANG_ENABLE_OBJC_ARC = YES;
				CLANG_ENABLE_OBJC_WEAK = YES;
				CLANG_WARN_BLOCK_CAPTURE_AUTORELEASING = YES;
				CLANG_WARN_BOOL_CONVERSION = YES;
				CLANG_WARN_COMMA = YES;
				CLANG_WARN_CONSTANT_CONVERSION = YES;
				CLANG_WARN_DEPRECATED_OBJC_IMPLEMENTATIONS = YES;
				CLANG_WARN_DIRECT_OBJC_ISA_USAGE = YES_ERROR;
				CLANG_WARN_DOCUMENTATION_COMMENTS = YES;
				CLANG_WARN_EMPTY_BODY = YES;
				CLANG_WARN_ENUM_CONVERSION = YES;
				CLANG_WARN_INFINITE_RECURSION = YES;
				CLANG_WARN_INT_CONVERSION = YES;
				CLANG_WARN_NON_LITERAL_NULL_CONVERSION = YES;
				CLANG_WARN_OBJC_IMPLICIT_RETAIN_SELF = YES;
				CLANG_WARN_OBJC_LITERAL_CONVERSION = YES;
				CLANG_WARN_OBJC_ROOT_CLASS = YES_ERROR;
				CLANG_WARN_QUOTED_INCLUDE_IN_FRAMEWORK_HEADER = YES;
				CLANG_WARN_RANGE_LOOP_ANALYSIS = YES;
				CLANG_WARN_STRICT_PROTOTYPES = YES;
				CLANG_WARN_SUSPICIOUS_MOVE = YES;
				CLANG_WARN_UNGUARDED_AVAILABILITY = YES_AGGRESSIVE;
				CLANG_WARN_UNREACHABLE_CODE = YES;
				CLANG_WARN__DUPLICATE_METHOD_MATCH = YES;
				COPY_PHASE_STRIP = NO;
				DEBUG_INFORMATION_FORMAT = dwarf;
				ENABLE_STRICT_OBJC_MSGSEND = YES;
				ENABLE_TESTABILITY = YES;
				GCC_C_LANGUAGE_STANDARD = gnu11;
				GCC_DYNAMIC_NO_PIC = NO;
				GCC_NO_COMMON_BLOCKS = YES;
				GCC_OPTIMIZATION_LEVEL = 0;
				GCC_PREPROCESSOR_DEFINITIONS = (
					"DEBUG=1",
					"$(inherited)",
				);
				GCC_WARN_64_TO_32_BIT_CONVERSION = YES;
				GCC_WARN_ABOUT_RETURN_TYPE = YES_ERROR;
				GCC_WARN_UNDECLARED_SELECTOR = YES;
				GCC_WARN_UNINITIALIZED_AUTOS = YES_AGGRESSIVE;
				GCC_WARN_UNUSED_FUNCTION = YES;
				GCC_WARN_UNUSED_VARIABLE = YES;
				IPHONEOS_DEPLOYMENT_TARGET = 14.5;
				MTL_ENABLE_DEBUG_INFO = INCLUDE_SOURCE;
				MTL_FAST_MATH = YES;
				ONLY_ACTIVE_ARCH = YES;
				SDKROOT = iphoneos;
				SWIFT_ACTIVE_COMPILATION_CONDITIONS = DEBUG;
				SWIFT_OPTIMIZATION_LEVEL = "-Onone";
			};
			name = Debug;
		};
		555665952695EE4C003BF335 /* Release */ = {
			isa = XCBuildConfiguration;
			buildSettings = {
				ALWAYS_SEARCH_USER_PATHS = NO;
				CLANG_ANALYZER_NONNULL = YES;
				CLANG_ANALYZER_NUMBER_OBJECT_CONVERSION = YES_AGGRESSIVE;
				CLANG_CXX_LANGUAGE_STANDARD = "gnu++14";
				CLANG_CXX_LIBRARY = "libc++";
				CLANG_ENABLE_MODULES = YES;
				CLANG_ENABLE_OBJC_ARC = YES;
				CLANG_ENABLE_OBJC_WEAK = YES;
				CLANG_WARN_BLOCK_CAPTURE_AUTORELEASING = YES;
				CLANG_WARN_BOOL_CONVERSION = YES;
				CLANG_WARN_COMMA = YES;
				CLANG_WARN_CONSTANT_CONVERSION = YES;
				CLANG_WARN_DEPRECATED_OBJC_IMPLEMENTATIONS = YES;
				CLANG_WARN_DIRECT_OBJC_ISA_USAGE = YES_ERROR;
				CLANG_WARN_DOCUMENTATION_COMMENTS = YES;
				CLANG_WARN_EMPTY_BODY = YES;
				CLANG_WARN_ENUM_CONVERSION = YES;
				CLANG_WARN_INFINITE_RECURSION = YES;
				CLANG_WARN_INT_CONVERSION = YES;
				CLANG_WARN_NON_LITERAL_NULL_CONVERSION = YES;
				CLANG_WARN_OBJC_IMPLICIT_RETAIN_SELF = YES;
				CLANG_WARN_OBJC_LITERAL_CONVERSION = YES;
				CLANG_WARN_OBJC_ROOT_CLASS = YES_ERROR;
				CLANG_WARN_QUOTED_INCLUDE_IN_FRAMEWORK_HEADER = YES;
				CLANG_WARN_RANGE_LOOP_ANALYSIS = YES;
				CLANG_WARN_STRICT_PROTOTYPES = YES;
				CLANG_WARN_SUSPICIOUS_MOVE = YES;
				CLANG_WARN_UNGUARDED_AVAILABILITY = YES_AGGRESSIVE;
				CLANG_WARN_UNREACHABLE_CODE = YES;
				CLANG_WARN__DUPLICATE_METHOD_MATCH = YES;
				COPY_PHASE_STRIP = NO;
				DEBUG_INFORMATION_FORMAT = "dwarf-with-dsym";
				ENABLE_NS_ASSERTIONS = NO;
				ENABLE_STRICT_OBJC_MSGSEND = YES;
				GCC_C_LANGUAGE_STANDARD = gnu11;
				GCC_NO_COMMON_BLOCKS = YES;
				GCC_WARN_64_TO_32_BIT_CONVERSION = YES;
				GCC_WARN_ABOUT_RETURN_TYPE = YES_ERROR;
				GCC_WARN_UNDECLARED_SELECTOR = YES;
				GCC_WARN_UNINITIALIZED_AUTOS = YES_AGGRESSIVE;
				GCC_WARN_UNUSED_FUNCTION = YES;
				GCC_WARN_UNUSED_VARIABLE = YES;
				IPHONEOS_DEPLOYMENT_TARGET = 14.5;
				MTL_ENABLE_DEBUG_INFO = NO;
				MTL_FAST_MATH = YES;
				SDKROOT = iphoneos;
				SWIFT_COMPILATION_MODE = wholemodule;
				SWIFT_OPTIMIZATION_LEVEL = "-O";
				VALIDATE_PRODUCT = YES;
			};
			name = Release;
		};
		555665972695EE4C003BF335 /* Debug */ = {
			isa = XCBuildConfiguration;
			buildSettings = {
				ASSETCATALOG_COMPILER_APPICON_NAME = AppIcon;
				ASSETCATALOG_COMPILER_GLOBAL_ACCENT_COLOR_NAME = AccentColor;
				CODE_SIGN_STYLE = Automatic;
				DEVELOPMENT_TEAM = H5DLT7U2F7;
				INFOPLIST_FILE = "Movie-Sample-Alper/Info.plist";
				LD_RUNPATH_SEARCH_PATHS = (
					"$(inherited)",
					"@executable_path/Frameworks",
				);
				PRODUCT_BUNDLE_IDENTIFIER = "com.alper.Movie-Sample-Alper";
				PRODUCT_NAME = "$(TARGET_NAME)";
				SWIFT_VERSION = 5.0;
				TARGETED_DEVICE_FAMILY = "1,2";
			};
			name = Debug;
		};
		555665982695EE4C003BF335 /* Release */ = {
			isa = XCBuildConfiguration;
			buildSettings = {
				ASSETCATALOG_COMPILER_APPICON_NAME = AppIcon;
				ASSETCATALOG_COMPILER_GLOBAL_ACCENT_COLOR_NAME = AccentColor;
				CODE_SIGN_STYLE = Automatic;
				DEVELOPMENT_TEAM = H5DLT7U2F7;
				INFOPLIST_FILE = "Movie-Sample-Alper/Info.plist";
				LD_RUNPATH_SEARCH_PATHS = (
					"$(inherited)",
					"@executable_path/Frameworks",
				);
				PRODUCT_BUNDLE_IDENTIFIER = "com.alper.Movie-Sample-Alper";
				PRODUCT_NAME = "$(TARGET_NAME)";
				SWIFT_VERSION = 5.0;
				TARGETED_DEVICE_FAMILY = "1,2";
			};
			name = Release;
		};
		5556659A2695EE4C003BF335 /* Debug */ = {
			isa = XCBuildConfiguration;
			buildSettings = {
				ALWAYS_EMBED_SWIFT_STANDARD_LIBRARIES = YES;
				BUNDLE_LOADER = "$(TEST_HOST)";
				CODE_SIGN_STYLE = Automatic;
				DEVELOPMENT_TEAM = H5DLT7U2F7;
				INFOPLIST_FILE = "Movie-Sample-AlperTests/Info.plist";
				IPHONEOS_DEPLOYMENT_TARGET = 14.5;
				LD_RUNPATH_SEARCH_PATHS = (
					"$(inherited)",
					"@executable_path/Frameworks",
					"@loader_path/Frameworks",
				);
				PRODUCT_BUNDLE_IDENTIFIER = "com.alper.Movie-Sample-AlperTests";
				PRODUCT_NAME = "$(TARGET_NAME)";
				SWIFT_VERSION = 5.0;
				TARGETED_DEVICE_FAMILY = "1,2";
				TEST_HOST = "$(BUILT_PRODUCTS_DIR)/Movie-Sample-Alper.app/Movie-Sample-Alper";
			};
			name = Debug;
		};
		5556659B2695EE4C003BF335 /* Release */ = {
			isa = XCBuildConfiguration;
			buildSettings = {
				ALWAYS_EMBED_SWIFT_STANDARD_LIBRARIES = YES;
				BUNDLE_LOADER = "$(TEST_HOST)";
				CODE_SIGN_STYLE = Automatic;
				DEVELOPMENT_TEAM = H5DLT7U2F7;
				INFOPLIST_FILE = "Movie-Sample-AlperTests/Info.plist";
				IPHONEOS_DEPLOYMENT_TARGET = 14.5;
				LD_RUNPATH_SEARCH_PATHS = (
					"$(inherited)",
					"@executable_path/Frameworks",
					"@loader_path/Frameworks",
				);
				PRODUCT_BUNDLE_IDENTIFIER = "com.alper.Movie-Sample-AlperTests";
				PRODUCT_NAME = "$(TARGET_NAME)";
				SWIFT_VERSION = 5.0;
				TARGETED_DEVICE_FAMILY = "1,2";
				TEST_HOST = "$(BUILT_PRODUCTS_DIR)/Movie-Sample-Alper.app/Movie-Sample-Alper";
			};
			name = Release;
		};
		5556659D2695EE4C003BF335 /* Debug */ = {
			isa = XCBuildConfiguration;
			buildSettings = {
				ALWAYS_EMBED_SWIFT_STANDARD_LIBRARIES = YES;
				CODE_SIGN_STYLE = Automatic;
				DEVELOPMENT_TEAM = H5DLT7U2F7;
				INFOPLIST_FILE = "Movie-Sample-AlperUITests/Info.plist";
				LD_RUNPATH_SEARCH_PATHS = (
					"$(inherited)",
					"@executable_path/Frameworks",
					"@loader_path/Frameworks",
				);
				PRODUCT_BUNDLE_IDENTIFIER = "com.alper.Movie-Sample-AlperUITests";
				PRODUCT_NAME = "$(TARGET_NAME)";
				SWIFT_VERSION = 5.0;
				TARGETED_DEVICE_FAMILY = "1,2";
				TEST_TARGET_NAME = "Movie-Sample-Alper";
			};
			name = Debug;
		};
		5556659E2695EE4C003BF335 /* Release */ = {
			isa = XCBuildConfiguration;
			buildSettings = {
				ALWAYS_EMBED_SWIFT_STANDARD_LIBRARIES = YES;
				CODE_SIGN_STYLE = Automatic;
				DEVELOPMENT_TEAM = H5DLT7U2F7;
				INFOPLIST_FILE = "Movie-Sample-AlperUITests/Info.plist";
				LD_RUNPATH_SEARCH_PATHS = (
					"$(inherited)",
					"@executable_path/Frameworks",
					"@loader_path/Frameworks",
				);
				PRODUCT_BUNDLE_IDENTIFIER = "com.alper.Movie-Sample-AlperUITests";
				PRODUCT_NAME = "$(TARGET_NAME)";
				SWIFT_VERSION = 5.0;
				TARGETED_DEVICE_FAMILY = "1,2";
				TEST_TARGET_NAME = "Movie-Sample-Alper";
			};
			name = Release;
		};
/* End XCBuildConfiguration section */

/* Begin XCConfigurationList section */
		555665672695EE48003BF335 /* Build configuration list for PBXProject "Movie-Sample-Alper" */ = {
			isa = XCConfigurationList;
			buildConfigurations = (
				555665942695EE4C003BF335 /* Debug */,
				555665952695EE4C003BF335 /* Release */,
			);
			defaultConfigurationIsVisible = 0;
			defaultConfigurationName = Release;
		};
		555665962695EE4C003BF335 /* Build configuration list for PBXNativeTarget "Movie-Sample-Alper" */ = {
			isa = XCConfigurationList;
			buildConfigurations = (
				555665972695EE4C003BF335 /* Debug */,
				555665982695EE4C003BF335 /* Release */,
			);
			defaultConfigurationIsVisible = 0;
			defaultConfigurationName = Release;
		};
		555665992695EE4C003BF335 /* Build configuration list for PBXNativeTarget "Movie-Sample-AlperTests" */ = {
			isa = XCConfigurationList;
			buildConfigurations = (
				5556659A2695EE4C003BF335 /* Debug */,
				5556659B2695EE4C003BF335 /* Release */,
			);
			defaultConfigurationIsVisible = 0;
			defaultConfigurationName = Release;
		};
		5556659C2695EE4C003BF335 /* Build configuration list for PBXNativeTarget "Movie-Sample-AlperUITests" */ = {
			isa = XCConfigurationList;
			buildConfigurations = (
				5556659D2695EE4C003BF335 /* Debug */,
				5556659E2695EE4C003BF335 /* Release */,
			);
			defaultConfigurationIsVisible = 0;
			defaultConfigurationName = Release;
		};
/* End XCConfigurationList section */
	};
	rootObject = 555665642695EE48003BF335 /* Project object */;
}
